
Microsoft Visual Studio Solution File, Format Version 12.00
# Visual Studio Version 16
VisualStudioVersion = 16.0.31624.102
MinimumVisualStudioVersion = 10.0.40219.1
Project("{FAE04EC0-301F-11D3-BF4B-00C04F79EFBC}") = "Assignmet.CoursesManagement.Application", "Assignmet.CoursesManagement\Assignmet.CoursesManagement.Application.csproj", "{EF5CC5C1-F24B-41FF-ABC4-45626D20721B}"
EndProject
Project("{FAE04EC0-301F-11D3-BF4B-00C04F79EFBC}") = "AssignmentCoursesManagement.Infrastructure", "AssignmentCoursesManagement.Infrastructure\AssignmentCoursesManagement.Infrastructure.csproj", "{E7C6E4EB-F090-4BF2-B4CB-E91EB0D27B68}"
EndProject
Project("{FAE04EC0-301F-11D3-BF4B-00C04F79EFBC}") = "Assignment.CoursesManagement.Core", "Assignment.CoursesManagement.Core\Assignment.CoursesManagement.Core.csproj", "{40032C81-AC47-492F-A277-48DA2E176316}"
EndProject
Global
	GlobalSection(SolutionConfigurationPlatforms) = preSolution
		Debug|Any CPU = Debug|Any CPU
		Release|Any CPU = Release|Any CPU
	EndGlobalSection
	GlobalSection(ProjectConfigurationPlatforms) = postSolution
		{EF5CC5C1-F24B-41FF-ABC4-45626D20721B}.Debug|Any CPU.ActiveCfg = Debug|Any CPU
		{EF5CC5C1-F24B-41FF-ABC4-45626D20721B}.Debug|Any CPU.Build.0 = Debug|Any CPU
		{EF5CC5C1-F24B-41FF-ABC4-45626D20721B}.Release|Any CPU.ActiveCfg = Release|Any CPU
		{EF5CC5C1-F24B-41FF-ABC4-45626D20721B}.Release|Any CPU.Build.0 = Release|Any CPU
		{E7C6E4EB-F090-4BF2-B4CB-E91EB0D27B68}.Debug|Any CPU.ActiveCfg = Debug|Any CPU
		{E7C6E4EB-F090-4BF2-B4CB-E91EB0D27B68}.Debug|Any CPU.Build.0 = Debug|Any CPU
		{E7C6E4EB-F090-4BF2-B4CB-E91EB0D27B68}.Release|Any CPU.ActiveCfg = Release|Any CPU
		{E7C6E4EB-F090-4BF2-B4CB-E91EB0D27B68}.Release|Any CPU.Build.0 = Release|Any CPU
		{40032C81-AC47-492F-A277-48DA2E176316}.Debug|Any CPU.ActiveCfg = Debug|Any CPU
		{40032C81-AC47-492F-A277-48DA2E176316}.Debug|Any CPU.Build.0 = Debug|Any CPU
		{40032C81-AC47-492F-A277-48DA2E176316}.Release|Any CPU.ActiveCfg = Release|Any CPU
		{40032C81-AC47-492F-A277-48DA2E176316}.Release|Any CPU.Build.0 = Release|Any CPU
	EndGlobalSection
	GlobalSection(SolutionProperties) = preSolution
		HideSolutionNode = FALSE
	EndGlobalSection
	GlobalSection(ExtensibilityGlobals) = postSolution
		SolutionGuid = {A6C9AD6F-5568-4B6A-9751-B51BE4AA7C2D}
	EndGlobalSection
EndGlobal
